
Microsoft Visual Studio Solution File, Format Version 12.00
# Visual Studio Version 17
VisualStudioVersion = 17.8.34330.188
MinimumVisualStudioVersion = 10.0.40219.1
Project("{FAE04EC0-301F-11D3-BF4B-00C04F79EFBC}") = "ShaTask", "ShaTask\ShaTask.csproj", "{70C0885D-EC9F-492E-B5D1-4620A1C66174}"
EndProject
Project("{FAE04EC0-301F-11D3-BF4B-00C04F79EFBC}") = "ViewModel", "ViewModel\ViewModel.csproj", "{7C62AEBC-C814-4980-8054-43B8D6498094}"
EndProject
Global
	GlobalSection(SolutionConfigurationPlatforms) = preSolution
		Debug|Any CPU = Debug|Any CPU
		Release|Any CPU = Release|Any CPU
	EndGlobalSection
	GlobalSection(ProjectConfigurationPlatforms) = postSolution
		{70C0885D-EC9F-492E-B5D1-4620A1C66174}.Debug|Any CPU.ActiveCfg = Debug|Any CPU
		{70C0885D-EC9F-492E-B5D1-4620A1C66174}.Debug|Any CPU.Build.0 = Debug|Any CPU
		{70C0885D-EC9F-492E-B5D1-4620A1C66174}.Release|Any CPU.ActiveCfg = Release|Any CPU
		{70C0885D-EC9F-492E-B5D1-4620A1C66174}.Release|Any CPU.Build.0 = Release|Any CPU
		{7C62AEBC-C814-4980-8054-43B8D6498094}.Debug|Any CPU.ActiveCfg = Debug|Any CPU
		{7C62AEBC-C814-4980-8054-43B8D6498094}.Debug|Any CPU.Build.0 = Debug|Any CPU
		{7C62AEBC-C814-4980-8054-43B8D6498094}.Release|Any CPU.ActiveCfg = Release|Any CPU
		{7C62AEBC-C814-4980-8054-43B8D6498094}.Release|Any CPU.Build.0 = Release|Any CPU
	EndGlobalSection
	GlobalSection(SolutionProperties) = preSolution
		HideSolutionNode = FALSE
	EndGlobalSection
	GlobalSection(ExtensibilityGlobals) = postSolution
		SolutionGuid = {70C49B84-63BA-4B0E-9DDE-FF41A6F9EDDA}
	EndGlobalSection
EndGlobal
